// !$*UTF8*$!
{
	archiveVersion = 1;
	classes = {
	};
	objectVersion = 46;
	objects = {

/* Begin PBXBuildFile section */
		95245C0D1B60D614000EDF84 /* AdmobProtocolAds.mm in Sources */ = {isa = PBXBuildFile; fileRef = 95245C0C1B60D614000EDF84 /* AdmobProtocolAds.mm */; };
		9525AFA31B672C0A00CBF477 /* GooglePlayProtocolUser.mm in Sources */ = {isa = PBXBuildFile; fileRef = 9525AFA21B672C0A00CBF477 /* GooglePlayProtocolUser.mm */; };
		953C06F11B57A8DD002BB1A2 /* SensparkPluginManager.cpp in Sources */ = {isa = PBXBuildFile; fileRef = 953C06EF1B57A8DD002BB1A2 /* SensparkPluginManager.cpp */; };
		95C1602A1B5CEC1A00501400 /* GoogleProtocolAnalytics.mm in Sources */ = {isa = PBXBuildFile; fileRef = 95C160281B5CEC1A00501400 /* GoogleProtocolAnalytics.mm */; };
		95C1602E1B5CF0BA00501400 /* Foundation.framework in Frameworks */ = {isa = PBXBuildFile; fileRef = 95C1602D1B5CF0BA00501400 /* Foundation.framework */; };
		95C160311B5CF17A00501400 /* CoreFoundation.framework in Frameworks */ = {isa = PBXBuildFile; fileRef = 95C160301B5CF17A00501400 /* CoreFoundation.framework */; };
		95C954291B62212B0014047A /* VungleProtocolAds.mm in Sources */ = {isa = PBXBuildFile; fileRef = 95C954281B62212B0014047A /* VungleProtocolAds.mm */; };
/* End PBXBuildFile section */

/* Begin PBXFileReference section */
		9520E0B31B46A74800B7768B /* libPluginSenspark.a */ = {isa = PBXFileReference; explicitFileType = archive.ar; includeInIndex = 0; path = libPluginSenspark.a; sourceTree = BUILT_PRODUCTS_DIR; };
		95245C0C1B60D614000EDF84 /* AdmobProtocolAds.mm */ = {isa = PBXFileReference; fileEncoding = 4; lastKnownFileType = sourcecode.cpp.objcpp; path = AdmobProtocolAds.mm; sourceTree = "<group>"; };
		9525AFA21B672C0A00CBF477 /* GooglePlayProtocolUser.mm */ = {isa = PBXFileReference; fileEncoding = 4; lastKnownFileType = sourcecode.cpp.objcpp; path = GooglePlayProtocolUser.mm; sourceTree = "<group>"; };
		953C06EB1B577563002BB1A2 /* GoogleProtocolAnalytics.h */ = {isa = PBXFileReference; lastKnownFileType = sourcecode.c.h; path = GoogleProtocolAnalytics.h; sourceTree = "<group>"; };
		953C06EC1B578105002BB1A2 /* AdmobProtocolAds.h */ = {isa = PBXFileReference; lastKnownFileType = sourcecode.c.h; path = AdmobProtocolAds.h; sourceTree = "<group>"; };
		953C06ED1B57A267002BB1A2 /* SensparkPluginManager.h */ = {isa = PBXFileReference; lastKnownFileType = sourcecode.c.h; path = SensparkPluginManager.h; sourceTree = "<group>"; };
		953C06EF1B57A8DD002BB1A2 /* SensparkPluginManager.cpp */ = {isa = PBXFileReference; fileEncoding = 4; lastKnownFileType = sourcecode.cpp.cpp; path = SensparkPluginManager.cpp; sourceTree = "<group>"; };
		95C160251B5CD83500501400 /* SensparkPlugin.h */ = {isa = PBXFileReference; lastKnownFileType = sourcecode.c.h; path = SensparkPlugin.h; sourceTree = "<group>"; };
		95C160281B5CEC1A00501400 /* GoogleProtocolAnalytics.mm */ = {isa = PBXFileReference; fileEncoding = 4; lastKnownFileType = sourcecode.cpp.objcpp; path = GoogleProtocolAnalytics.mm; sourceTree = "<group>"; };
		95C1602C1B5CEC9B00501400 /* SensparkPluginMacros.h */ = {isa = PBXFileReference; lastKnownFileType = sourcecode.c.h; path = SensparkPluginMacros.h; sourceTree = "<group>"; };
		95C1602D1B5CF0BA00501400 /* Foundation.framework */ = {isa = PBXFileReference; lastKnownFileType = wrapper.framework; name = Foundation.framework; path = Platforms/iPhoneOS.platform/Developer/SDKs/iPhoneOS8.4.sdk/System/Library/Frameworks/Foundation.framework; sourceTree = DEVELOPER_DIR; };
		95C160301B5CF17A00501400 /* CoreFoundation.framework */ = {isa = PBXFileReference; lastKnownFileType = wrapper.framework; name = CoreFoundation.framework; path = Platforms/iPhoneOS.platform/Developer/SDKs/iPhoneOS8.4.sdk/System/Library/Frameworks/CoreFoundation.framework; sourceTree = DEVELOPER_DIR; };
		95C954271B62207E0014047A /* VungleProtocolAds.h */ = {isa = PBXFileReference; lastKnownFileType = sourcecode.c.h; path = VungleProtocolAds.h; sourceTree = "<group>"; };
		95C954281B62212B0014047A /* VungleProtocolAds.mm */ = {isa = PBXFileReference; fileEncoding = 4; lastKnownFileType = sourcecode.cpp.objcpp; path = VungleProtocolAds.mm; sourceTree = "<group>"; };
		95EBD89A1B664AC00004D448 /* GooglePlayProtocolUser.h */ = {isa = PBXFileReference; lastKnownFileType = sourcecode.c.h; path = GooglePlayProtocolUser.h; sourceTree = "<group>"; };
		95EBD89B1B664AD80004D448 /* GooglePlayProtocolSocial.h */ = {isa = PBXFileReference; lastKnownFileType = sourcecode.c.h; path = GooglePlayProtocolSocial.h; sourceTree = "<group>"; };
/* End PBXFileReference section */

/* Begin PBXFrameworksBuildPhase section */
		9520E0B01B46A74800B7768B /* Frameworks */ = {
			isa = PBXFrameworksBuildPhase;
			buildActionMask = 2147483647;
			files = (
				95C160311B5CF17A00501400 /* CoreFoundation.framework in Frameworks */,
				95C1602E1B5CF0BA00501400 /* Foundation.framework in Frameworks */,
			);
			runOnlyForDeploymentPostprocessing = 0;
		};
/* End PBXFrameworksBuildPhase section */

/* Begin PBXGroup section */
		9520E0AA1B46A74800B7768B = {
			isa = PBXGroup;
			children = (
				95FE48E91B57693A00739C4A /* include */,
				953C06EE1B57A8B5002BB1A2 /* classes */,
				95FE48EA1B5769A700739C4A /* ios */,
				9520E0BB1B46A84F00B7768B /* Senspark */,
				95C1602F1B5CF0D300501400 /* Frameworks */,
				9520E0B41B46A74800B7768B /* Products */,
			);
			sourceTree = "<group>";
		};
		9520E0B41B46A74800B7768B /* Products */ = {
			isa = PBXGroup;
			children = (
				9520E0B31B46A74800B7768B /* libPluginSenspark.a */,
			);
			name = Products;
			sourceTree = "<group>";
		};
		9520E0BB1B46A84F00B7768B /* Senspark */ = {
			isa = PBXGroup;
			children = (
			);
			name = Senspark;
			sourceTree = "<group>";
		};
		953C06EE1B57A8B5002BB1A2 /* classes */ = {
			isa = PBXGroup;
			children = (
				953C06EF1B57A8DD002BB1A2 /* SensparkPluginManager.cpp */,
			);
			name = classes;
			path = ../classes;
			sourceTree = "<group>";
		};
		95C1602F1B5CF0D300501400 /* Frameworks */ = {
			isa = PBXGroup;
			children = (
				95C160301B5CF17A00501400 /* CoreFoundation.framework */,
				95C1602D1B5CF0BA00501400 /* Foundation.framework */,
			);
			name = Frameworks;
			sourceTree = "<group>";
		};
		95FE48E91B57693A00739C4A /* include */ = {
			isa = PBXGroup;
			children = (
				953C06EB1B577563002BB1A2 /* GoogleProtocolAnalytics.h */,
				95EBD89B1B664AD80004D448 /* GooglePlayProtocolSocial.h */,
				95EBD89A1B664AC00004D448 /* GooglePlayProtocolUser.h */,
				953C06EC1B578105002BB1A2 /* AdmobProtocolAds.h */,
				953C06ED1B57A267002BB1A2 /* SensparkPluginManager.h */,
				95C160251B5CD83500501400 /* SensparkPlugin.h */,
				95C1602C1B5CEC9B00501400 /* SensparkPluginMacros.h */,
				95C954271B62207E0014047A /* VungleProtocolAds.h */,
			);
			name = include;
			path = ../include;
			sourceTree = "<group>";
		};
		95FE48EA1B5769A700739C4A /* ios */ = {
			isa = PBXGroup;
			children = (
				95C160281B5CEC1A00501400 /* GoogleProtocolAnalytics.mm */,
				95245C0C1B60D614000EDF84 /* AdmobProtocolAds.mm */,
				95C954281B62212B0014047A /* VungleProtocolAds.mm */,
				9525AFA21B672C0A00CBF477 /* GooglePlayProtocolUser.mm */,
			);
			name = ios;
			path = ../platform/ios;
			sourceTree = "<group>";
		};
/* End PBXGroup section */

/* Begin PBXHeadersBuildPhase section */
		9520E0B11B46A74800B7768B /* Headers */ = {
			isa = PBXHeadersBuildPhase;
			buildActionMask = 2147483647;
			files = (
			);
			runOnlyForDeploymentPostprocessing = 0;
		};
/* End PBXHeadersBuildPhase section */

/* Begin PBXNativeTarget section */
		9520E0B21B46A74800B7768B /* PluginSenspark */ = {
			isa = PBXNativeTarget;
			buildConfigurationList = 9520E0B71B46A74800B7768B /* Build configuration list for PBXNativeTarget "PluginSenspark" */;
			buildPhases = (
				9520E0AF1B46A74800B7768B /* Sources */,
				9520E0B01B46A74800B7768B /* Frameworks */,
				9520E0B11B46A74800B7768B /* Headers */,
			);
			buildRules = (
			);
			dependencies = (
			);
			name = PluginSenspark;
			productName = PluginSenspark;
			productReference = 9520E0B31B46A74800B7768B /* libPluginSenspark.a */;
			productType = "com.apple.product-type.library.static";
		};
/* End PBXNativeTarget section */

/* Begin PBXProject section */
		9520E0AB1B46A74800B7768B /* Project object */ = {
			isa = PBXProject;
			attributes = {
				LastUpgradeCheck = 0640;
				ORGANIZATIONNAME = "Senspark Co., Ltd";
				TargetAttributes = {
					9520E0B21B46A74800B7768B = {
						CreatedOnToolsVersion = 6.4;
					};
				};
			};
			buildConfigurationList = 9520E0AE1B46A74800B7768B /* Build configuration list for PBXProject "PluginSenspark" */;
			compatibilityVersion = "Xcode 3.2";
			developmentRegion = English;
			hasScannedForEncodings = 0;
			knownRegions = (
				en,
			);
			mainGroup = 9520E0AA1B46A74800B7768B;
			productRefGroup = 9520E0B41B46A74800B7768B /* Products */;
			projectDirPath = "";
			projectRoot = "";
			targets = (
				9520E0B21B46A74800B7768B /* PluginSenspark */,
			);
		};
/* End PBXProject section */

/* Begin PBXSourcesBuildPhase section */
		9520E0AF1B46A74800B7768B /* Sources */ = {
			isa = PBXSourcesBuildPhase;
			buildActionMask = 2147483647;
			files = (
				95245C0D1B60D614000EDF84 /* AdmobProtocolAds.mm in Sources */,
				95C954291B62212B0014047A /* VungleProtocolAds.mm in Sources */,
				9525AFA31B672C0A00CBF477 /* GooglePlayProtocolUser.mm in Sources */,
				953C06F11B57A8DD002BB1A2 /* SensparkPluginManager.cpp in Sources */,
				95C1602A1B5CEC1A00501400 /* GoogleProtocolAnalytics.mm in Sources */,
			);
			runOnlyForDeploymentPostprocessing = 0;
		};
/* End PBXSourcesBuildPhase section */

/* Begin XCBuildConfiguration section */
		9520E0B51B46A74800B7768B /* Debug */ = {
			isa = XCBuildConfiguration;
			buildSettings = {
				ALWAYS_SEARCH_USER_PATHS = NO;
				CLANG_CXX_LANGUAGE_STANDARD = "gnu++0x";
				CLANG_CXX_LIBRARY = "libc++";
				CLANG_ENABLE_MODULES = YES;
				CLANG_ENABLE_OBJC_ARC = YES;
				CLANG_WARN_BOOL_CONVERSION = YES;
				CLANG_WARN_CONSTANT_CONVERSION = YES;
				CLANG_WARN_DIRECT_OBJC_ISA_USAGE = YES_ERROR;
				CLANG_WARN_EMPTY_BODY = YES;
				CLANG_WARN_ENUM_CONVERSION = YES;
				CLANG_WARN_INT_CONVERSION = YES;
				CLANG_WARN_OBJC_ROOT_CLASS = YES_ERROR;
				CLANG_WARN_UNREACHABLE_CODE = YES;
				CLANG_WARN__DUPLICATE_METHOD_MATCH = YES;
				COPY_PHASE_STRIP = NO;
				DEBUG_INFORMATION_FORMAT = dwarf;
				ENABLE_STRICT_OBJC_MSGSEND = YES;
				GCC_C_LANGUAGE_STANDARD = gnu99;
				GCC_DYNAMIC_NO_PIC = NO;
				GCC_NO_COMMON_BLOCKS = YES;
				GCC_OPTIMIZATION_LEVEL = 0;
				GCC_PREPROCESSOR_DEFINITIONS = (
					"DEBUG=1",
					"$(inherited)",
				);
				GCC_SYMBOLS_PRIVATE_EXTERN = NO;
				GCC_WARN_64_TO_32_BIT_CONVERSION = YES;
				GCC_WARN_ABOUT_RETURN_TYPE = YES_ERROR;
				GCC_WARN_UNDECLARED_SELECTOR = YES;
				GCC_WARN_UNINITIALIZED_AUTOS = YES_AGGRESSIVE;
				GCC_WARN_UNUSED_FUNCTION = YES;
				GCC_WARN_UNUSED_VARIABLE = YES;
				HEADER_SEARCH_PATHS = (
					"$(inherited)",
					/Applications/Xcode.app/Contents/Developer/Toolchains/XcodeDefault.xctoolchain/usr/include,
					"$(SRCROOT)/../../../protocols/include",
				);
				MACOSX_DEPLOYMENT_TARGET = 10.10;
				MTL_ENABLE_DEBUG_INFO = YES;
				ONLY_ACTIVE_ARCH = YES;
				OTHER_LIBTOOLFLAGS = "";
				SDKROOT = macosx;
				USER_HEADER_SEARCH_PATHS = "$(SRCROOT)/../../../protocols/platform/ios";
			};
			name = Debug;
		};
		9520E0B61B46A74800B7768B /* Release */ = {
			isa = XCBuildConfiguration;
			buildSettings = {
				ALWAYS_SEARCH_USER_PATHS = NO;
				CLANG_CXX_LANGUAGE_STANDARD = "gnu++0x";
				CLANG_CXX_LIBRARY = "libc++";
				CLANG_ENABLE_MODULES = YES;
				CLANG_ENABLE_OBJC_ARC = YES;
				CLANG_WARN_BOOL_CONVERSION = YES;
				CLANG_WARN_CONSTANT_CONVERSION = YES;
				CLANG_WARN_DIRECT_OBJC_ISA_USAGE = YES_ERROR;
				CLANG_WARN_EMPTY_BODY = YES;
				CLANG_WARN_ENUM_CONVERSION = YES;
				CLANG_WARN_INT_CONVERSION = YES;
				CLANG_WARN_OBJC_ROOT_CLASS = YES_ERROR;
				CLANG_WARN_UNREACHABLE_CODE = YES;
				CLANG_WARN__DUPLICATE_METHOD_MATCH = YES;
				COPY_PHASE_STRIP = NO;
				DEBUG_INFORMATION_FORMAT = "dwarf-with-dsym";
				ENABLE_NS_ASSERTIONS = NO;
				ENABLE_STRICT_OBJC_MSGSEND = YES;
				GCC_C_LANGUAGE_STANDARD = gnu99;
				GCC_NO_COMMON_BLOCKS = YES;
				GCC_WARN_64_TO_32_BIT_CONVERSION = YES;
				GCC_WARN_ABOUT_RETURN_TYPE = YES_ERROR;
				GCC_WARN_UNDECLARED_SELECTOR = YES;
				GCC_WARN_UNINITIALIZED_AUTOS = YES_AGGRESSIVE;
				GCC_WARN_UNUSED_FUNCTION = YES;
				GCC_WARN_UNUSED_VARIABLE = YES;
				HEADER_SEARCH_PATHS = (
					"$(inherited)",
					/Applications/Xcode.app/Contents/Developer/Toolchains/XcodeDefault.xctoolchain/usr/include,
					"$(SRCROOT)/../../../protocols/include",
				);
				MACOSX_DEPLOYMENT_TARGET = 10.10;
				MTL_ENABLE_DEBUG_INFO = NO;
				OTHER_LIBTOOLFLAGS = "";
				SDKROOT = macosx;
				USER_HEADER_SEARCH_PATHS = "$(SRCROOT)/../../../protocols/platform/ios";
			};
			name = Release;
		};
		9520E0B81B46A74800B7768B /* Debug */ = {
			isa = XCBuildConfiguration;
			buildSettings = {
				EXECUTABLE_PREFIX = lib;
				OTHER_LDFLAGS = "-ObjC";
				PRODUCT_NAME = "$(TARGET_NAME)";
				SDKROOT = iphoneos8.4;
			};
			name = Debug;
		};
		9520E0B91B46A74800B7768B /* Release */ = {
			isa = XCBuildConfiguration;
			buildSettings = {
				EXECUTABLE_PREFIX = lib;
				OTHER_LDFLAGS = "-ObjC";
				PRODUCT_NAME = "$(TARGET_NAME)";
				SDKROOT = iphoneos8.4;
			};
			name = Release;
		};
/* End XCBuildConfiguration section */

/* Begin XCConfigurationList section */
		9520E0AE1B46A74800B7768B /* Build configuration list for PBXProject "PluginSenspark" */ = {
			isa = XCConfigurationList;
			buildConfigurations = (
				9520E0B51B46A74800B7768B /* Debug */,
				9520E0B61B46A74800B7768B /* Release */,
			);
			defaultConfigurationIsVisible = 0;
			defaultConfigurationName = Release;
		};
		9520E0B71B46A74800B7768B /* Build configuration list for PBXNativeTarget "PluginSenspark" */ = {
			isa = XCConfigurationList;
			buildConfigurations = (
				9520E0B81B46A74800B7768B /* Debug */,
				9520E0B91B46A74800B7768B /* Release */,
			);
			defaultConfigurationIsVisible = 0;
			defaultConfigurationName = Release;
		};
/* End XCConfigurationList section */
	};
	rootObject = 9520E0AB1B46A74800B7768B /* Project object */;
}
