// !$*UTF8*$!
{
	archiveVersion = 1;
	classes = {
	};
	objectVersion = 46;
	objects = {

/* Begin PBXBuildFile section */
		2C4585DD1C3A79C200BA43BF /* AdsColony.mm in Sources */ = {isa = PBXBuildFile; fileRef = 2C4585DC1C3A79C200BA43BF /* AdsColony.mm */; };
		2C4585E11C3A7C8D00BA43BF /* AdColony.framework in Frameworks */ = {isa = PBXBuildFile; fileRef = 2C4585DF1C3A7C8D00BA43BF /* AdColony.framework */; };
		2C4585E21C3A7C8D00BA43BF /* libAdapterSDKAdColony.a in Frameworks */ = {isa = PBXBuildFile; fileRef = 2C4585E01C3A7C8D00BA43BF /* libAdapterSDKAdColony.a */; };
/* End PBXBuildFile section */

/* Begin PBXFileReference section */
		2C4585DC1C3A79C200BA43BF /* AdsColony.mm */ = {isa = PBXFileReference; fileEncoding = 4; lastKnownFileType = sourcecode.cpp.objcpp; path = AdsColony.mm; sourceTree = "<group>"; };
		2C4585DE1C3A7A0700BA43BF /* AdsColony.h */ = {isa = PBXFileReference; lastKnownFileType = sourcecode.c.h; path = AdsColony.h; sourceTree = "<group>"; };
		2C4585DF1C3A7C8D00BA43BF /* AdColony.framework */ = {isa = PBXFileReference; lastKnownFileType = wrapper.framework; path = AdColony.framework; sourceTree = "<group>"; };
		2C4585E01C3A7C8D00BA43BF /* libAdapterSDKAdColony.a */ = {isa = PBXFileReference; lastKnownFileType = archive.ar; path = libAdapterSDKAdColony.a; sourceTree = "<group>"; };
		95EBD85B1B65ECE90004D448 /* libPluginAdColony.a */ = {isa = PBXFileReference; explicitFileType = archive.ar; includeInIndex = 0; path = libPluginAdColony.a; sourceTree = BUILT_PRODUCTS_DIR; };
/* End PBXFileReference section */

/* Begin PBXFrameworksBuildPhase section */
		95EBD8581B65ECE90004D448 /* Frameworks */ = {
			isa = PBXFrameworksBuildPhase;
			buildActionMask = 2147483647;
			files = (
				2C4585E11C3A7C8D00BA43BF /* AdColony.framework in Frameworks */,
				2C4585E21C3A7C8D00BA43BF /* libAdapterSDKAdColony.a in Frameworks */,
			);
			runOnlyForDeploymentPostprocessing = 0;
		};
/* End PBXFrameworksBuildPhase section */

/* Begin PBXGroup section */
		2C4585DB1C3A793300BA43BF /* Frameworks */ = {
			isa = PBXGroup;
			children = (
				2C4585DF1C3A7C8D00BA43BF /* AdColony.framework */,
				2C4585E01C3A7C8D00BA43BF /* libAdapterSDKAdColony.a */,
			);
			name = Frameworks;
			sourceTree = "<group>";
		};
		95EBD8521B65ECE90004D448 = {
			isa = PBXGroup;
			children = (
				2C4585DE1C3A7A0700BA43BF /* AdsColony.h */,
				2C4585DC1C3A79C200BA43BF /* AdsColony.mm */,
				2C4585DB1C3A793300BA43BF /* Frameworks */,
				95EBD85C1B65ECE90004D448 /* Products */,
			);
			sourceTree = "<group>";
		};
		95EBD85C1B65ECE90004D448 /* Products */ = {
			isa = PBXGroup;
			children = (
				95EBD85B1B65ECE90004D448 /* libPluginAdColony.a */,
			);
			name = Products;
			sourceTree = "<group>";
		};
/* End PBXGroup section */

/* Begin PBXHeadersBuildPhase section */
		95EBD8591B65ECE90004D448 /* Headers */ = {
			isa = PBXHeadersBuildPhase;
			buildActionMask = 2147483647;
			files = (
			);
			runOnlyForDeploymentPostprocessing = 0;
		};
/* End PBXHeadersBuildPhase section */

/* Begin PBXNativeTarget section */
		95EBD85A1B65ECE90004D448 /* PluginAdColony */ = {
			isa = PBXNativeTarget;
			buildConfigurationList = 95EBD85F1B65ECE90004D448 /* Build configuration list for PBXNativeTarget "PluginAdColony" */;
			buildPhases = (
				95EBD8571B65ECE90004D448 /* Sources */,
				95EBD8581B65ECE90004D448 /* Frameworks */,
				95EBD8591B65ECE90004D448 /* Headers */,
			);
			buildRules = (
			);
			dependencies = (
			);
			name = PluginAdColony;
			productName = PluginAdColony;
			productReference = 95EBD85B1B65ECE90004D448 /* libPluginAdColony.a */;
			productType = "com.apple.product-type.library.static";
		};
/* End PBXNativeTarget section */

/* Begin PBXProject section */
		95EBD8531B65ECE90004D448 /* Project object */ = {
			isa = PBXProject;
			attributes = {
				LastUpgradeCheck = 0640;
				ORGANIZATIONNAME = "Senspark Co., Ltd";
				TargetAttributes = {
					95EBD85A1B65ECE90004D448 = {
						CreatedOnToolsVersion = 6.4;
					};
				};
			};
			buildConfigurationList = 95EBD8561B65ECE90004D448 /* Build configuration list for PBXProject "PluginAdColony" */;
			compatibilityVersion = "Xcode 3.2";
			developmentRegion = English;
			hasScannedForEncodings = 0;
			knownRegions = (
				en,
			);
			mainGroup = 95EBD8521B65ECE90004D448;
			productRefGroup = 95EBD85C1B65ECE90004D448 /* Products */;
			projectDirPath = "";
			projectRoot = "";
			targets = (
				95EBD85A1B65ECE90004D448 /* PluginAdColony */,
			);
		};
/* End PBXProject section */

/* Begin PBXSourcesBuildPhase section */
		95EBD8571B65ECE90004D448 /* Sources */ = {
			isa = PBXSourcesBuildPhase;
			buildActionMask = 2147483647;
			files = (
				2C4585DD1C3A79C200BA43BF /* AdsColony.mm in Sources */,
			);
			runOnlyForDeploymentPostprocessing = 0;
		};
/* End PBXSourcesBuildPhase section */

/* Begin XCBuildConfiguration section */
		95EBD85D1B65ECE90004D448 /* Debug */ = {
			isa = XCBuildConfiguration;
			buildSettings = {
				ALWAYS_SEARCH_USER_PATHS = NO;
				CLANG_CXX_LANGUAGE_STANDARD = "gnu++0x";
				CLANG_CXX_LIBRARY = "libc++";
				CLANG_ENABLE_MODULES = YES;
				CLANG_ENABLE_OBJC_ARC = YES;
				CLANG_WARN_BOOL_CONVERSION = YES;
				CLANG_WARN_CONSTANT_CONVERSION = YES;
				CLANG_WARN_DIRECT_OBJC_ISA_USAGE = YES_ERROR;
				CLANG_WARN_EMPTY_BODY = YES;
				CLANG_WARN_ENUM_CONVERSION = YES;
				CLANG_WARN_INT_CONVERSION = YES;
				CLANG_WARN_OBJC_ROOT_CLASS = YES_ERROR;
				CLANG_WARN_UNREACHABLE_CODE = YES;
				CLANG_WARN__DUPLICATE_METHOD_MATCH = YES;
				COPY_PHASE_STRIP = NO;
				DEBUG_INFORMATION_FORMAT = dwarf;
				ENABLE_STRICT_OBJC_MSGSEND = YES;
				GCC_C_LANGUAGE_STANDARD = gnu11;
				GCC_DYNAMIC_NO_PIC = NO;
				GCC_NO_COMMON_BLOCKS = YES;
				GCC_OPTIMIZATION_LEVEL = 0;
				GCC_PREPROCESSOR_DEFINITIONS = (
					"DEBUG=1",
					"$(inherited)",
				);
				GCC_SYMBOLS_PRIVATE_EXTERN = NO;
				GCC_WARN_64_TO_32_BIT_CONVERSION = YES;
				GCC_WARN_ABOUT_RETURN_TYPE = YES_ERROR;
				GCC_WARN_UNDECLARED_SELECTOR = YES;
				GCC_WARN_UNINITIALIZED_AUTOS = YES_AGGRESSIVE;
				GCC_WARN_UNUSED_FUNCTION = YES;
				GCC_WARN_UNUSED_VARIABLE = YES;
				HEADER_SEARCH_PATHS = (
					"$(SRCROOT)/../../../protocols/platform/ios",
					"$(SRCROOT)/../../../protocols/include",
				);
				MACOSX_DEPLOYMENT_TARGET = 10.10;
				MTL_ENABLE_DEBUG_INFO = YES;
				ONLY_ACTIVE_ARCH = YES;
				OTHER_LDFLAGS = "-ObjC";
				SDKROOT = iphoneos;
			};
			name = Debug;
		};
		95EBD85E1B65ECE90004D448 /* Release */ = {
			isa = XCBuildConfiguration;
			buildSettings = {
				ALWAYS_SEARCH_USER_PATHS = NO;
				CLANG_CXX_LANGUAGE_STANDARD = "gnu++0x";
				CLANG_CXX_LIBRARY = "libc++";
				CLANG_ENABLE_MODULES = YES;
				CLANG_ENABLE_OBJC_ARC = YES;
				CLANG_WARN_BOOL_CONVERSION = YES;
				CLANG_WARN_CONSTANT_CONVERSION = YES;
				CLANG_WARN_DIRECT_OBJC_ISA_USAGE = YES_ERROR;
				CLANG_WARN_EMPTY_BODY = YES;
				CLANG_WARN_ENUM_CONVERSION = YES;
				CLANG_WARN_INT_CONVERSION = YES;
				CLANG_WARN_OBJC_ROOT_CLASS = YES_ERROR;
				CLANG_WARN_UNREACHABLE_CODE = YES;
				CLANG_WARN__DUPLICATE_METHOD_MATCH = YES;
				COPY_PHASE_STRIP = NO;
				DEBUG_INFORMATION_FORMAT = "dwarf-with-dsym";
				ENABLE_NS_ASSERTIONS = NO;
				ENABLE_STRICT_OBJC_MSGSEND = YES;
				GCC_C_LANGUAGE_STANDARD = gnu11;
				GCC_NO_COMMON_BLOCKS = YES;
				GCC_WARN_64_TO_32_BIT_CONVERSION = YES;
				GCC_WARN_ABOUT_RETURN_TYPE = YES_ERROR;
				GCC_WARN_UNDECLARED_SELECTOR = YES;
				GCC_WARN_UNINITIALIZED_AUTOS = YES_AGGRESSIVE;
				GCC_WARN_UNUSED_FUNCTION = YES;
				GCC_WARN_UNUSED_VARIABLE = YES;
				HEADER_SEARCH_PATHS = (
					"$(SRCROOT)/../../../protocols/platform/ios",
					"$(SRCROOT)/../../../protocols/include",
				);
				MACOSX_DEPLOYMENT_TARGET = 10.10;
				MTL_ENABLE_DEBUG_INFO = NO;
				OTHER_LDFLAGS = "-ObjC";
				SDKROOT = iphoneos;
			};
			name = Release;
		};
		95EBD8601B65ECE90004D448 /* Debug */ = {
			isa = XCBuildConfiguration;
			buildSettings = {
				ENABLE_BITCODE = NO;
				EXECUTABLE_PREFIX = lib;
				FRAMEWORK_SEARCH_PATHS = (
					"$(inherited)",
					"$(PROJECT_DIR)",
				);
				LIBRARY_SEARCH_PATHS = (
					"$(inherited)",
					"$(PROJECT_DIR)",
				);
				PRODUCT_NAME = "$(TARGET_NAME)";
				SKIP_INSTALL = YES;
			};
			name = Debug;
		};
		95EBD8611B65ECE90004D448 /* Release */ = {
			isa = XCBuildConfiguration;
			buildSettings = {
				ENABLE_BITCODE = NO;
				EXECUTABLE_PREFIX = lib;
				FRAMEWORK_SEARCH_PATHS = (
					"$(inherited)",
					"$(PROJECT_DIR)",
				);
				LIBRARY_SEARCH_PATHS = (
					"$(inherited)",
					"$(PROJECT_DIR)",
				);
				PRODUCT_NAME = "$(TARGET_NAME)";
				SKIP_INSTALL = YES;
			};
			name = Release;
		};
/* End XCBuildConfiguration section */

/* Begin XCConfigurationList section */
		95EBD8561B65ECE90004D448 /* Build configuration list for PBXProject "PluginAdColony" */ = {
			isa = XCConfigurationList;
			buildConfigurations = (
				95EBD85D1B65ECE90004D448 /* Debug */,
				95EBD85E1B65ECE90004D448 /* Release */,
			);
			defaultConfigurationIsVisible = 0;
			defaultConfigurationName = Release;
		};
		95EBD85F1B65ECE90004D448 /* Build configuration list for PBXNativeTarget "PluginAdColony" */ = {
			isa = XCConfigurationList;
			buildConfigurations = (
				95EBD8601B65ECE90004D448 /* Debug */,
				95EBD8611B65ECE90004D448 /* Release */,
			);
			defaultConfigurationIsVisible = 0;
			defaultConfigurationName = Release;
		};
/* End XCConfigurationList section */
	};
	rootObject = 95EBD8531B65ECE90004D448 /* Project object */;
}
