// !$*UTF8*$!
{
	archiveVersion = 1;
	classes = {
	};
	objectVersion = 46;
	objects = {

/* Begin PBXBuildFile section */
		952F67151C38CD8200F1E551 /* AdsChartboost.h in Headers */ = {isa = PBXBuildFile; fileRef = 952F67131C38CD8200F1E551 /* AdsChartboost.h */; };
		952F67161C38CD8200F1E551 /* AdsChartboost.mm in Sources */ = {isa = PBXBuildFile; fileRef = 952F67141C38CD8200F1E551 /* AdsChartboost.mm */; };
		952F67191C3927BD00F1E551 /* Chartboost.framework in Frameworks */ = {isa = PBXBuildFile; fileRef = 952F67181C3927BD00F1E551 /* Chartboost.framework */; };
		952F67291C3A260100F1E551 /* Foundation.framework in Frameworks */ = {isa = PBXBuildFile; fileRef = 952F67281C3A260100F1E551 /* Foundation.framework */; };
		952F672B1C3A271D00F1E551 /* UIKit.framework in Frameworks */ = {isa = PBXBuildFile; fileRef = 952F672A1C3A271D00F1E551 /* UIKit.framework */; };
		952F672D1C3A272700F1E551 /* StoreKit.framework in Frameworks */ = {isa = PBXBuildFile; fileRef = 952F672C1C3A272600F1E551 /* StoreKit.framework */; };
		952F672F1C3A273500F1E551 /* CoreGraphics.framework in Frameworks */ = {isa = PBXBuildFile; fileRef = 952F672E1C3A273500F1E551 /* CoreGraphics.framework */; };
/* End PBXBuildFile section */

/* Begin PBXFileReference section */
		952F67131C38CD8200F1E551 /* AdsChartboost.h */ = {isa = PBXFileReference; fileEncoding = 4; lastKnownFileType = sourcecode.c.h; path = AdsChartboost.h; sourceTree = "<group>"; };
		952F67141C38CD8200F1E551 /* AdsChartboost.mm */ = {isa = PBXFileReference; fileEncoding = 4; lastKnownFileType = sourcecode.cpp.objcpp; path = AdsChartboost.mm; sourceTree = "<group>"; };
		952F67181C3927BD00F1E551 /* Chartboost.framework */ = {isa = PBXFileReference; lastKnownFileType = wrapper.framework; path = Chartboost.framework; sourceTree = "<group>"; };
		952F67281C3A260100F1E551 /* Foundation.framework */ = {isa = PBXFileReference; lastKnownFileType = wrapper.framework; name = Foundation.framework; path = System/Library/Frameworks/Foundation.framework; sourceTree = SDKROOT; };
		952F672A1C3A271D00F1E551 /* UIKit.framework */ = {isa = PBXFileReference; lastKnownFileType = wrapper.framework; name = UIKit.framework; path = Platforms/iPhoneOS.platform/Developer/SDKs/iPhoneOS9.2.sdk/System/Library/Frameworks/UIKit.framework; sourceTree = DEVELOPER_DIR; };
		952F672C1C3A272600F1E551 /* StoreKit.framework */ = {isa = PBXFileReference; lastKnownFileType = wrapper.framework; name = StoreKit.framework; path = Platforms/iPhoneOS.platform/Developer/SDKs/iPhoneOS9.2.sdk/System/Library/Frameworks/StoreKit.framework; sourceTree = DEVELOPER_DIR; };
		952F672E1C3A273500F1E551 /* CoreGraphics.framework */ = {isa = PBXFileReference; lastKnownFileType = wrapper.framework; name = CoreGraphics.framework; path = Platforms/iPhoneOS.platform/Developer/SDKs/iPhoneOS9.2.sdk/System/Library/Frameworks/CoreGraphics.framework; sourceTree = DEVELOPER_DIR; };
		95EBD86B1B65EE2F0004D448 /* libPluginChartboost.a */ = {isa = PBXFileReference; explicitFileType = archive.ar; includeInIndex = 0; path = libPluginChartboost.a; sourceTree = BUILT_PRODUCTS_DIR; };
/* End PBXFileReference section */

/* Begin PBXFrameworksBuildPhase section */
		95EBD8681B65EE2F0004D448 /* Frameworks */ = {
			isa = PBXFrameworksBuildPhase;
			buildActionMask = 2147483647;
			files = (
				952F672F1C3A273500F1E551 /* CoreGraphics.framework in Frameworks */,
				952F672D1C3A272700F1E551 /* StoreKit.framework in Frameworks */,
				952F672B1C3A271D00F1E551 /* UIKit.framework in Frameworks */,
				952F67291C3A260100F1E551 /* Foundation.framework in Frameworks */,
				952F67191C3927BD00F1E551 /* Chartboost.framework in Frameworks */,
			);
			runOnlyForDeploymentPostprocessing = 0;
		};
/* End PBXFrameworksBuildPhase section */

/* Begin PBXGroup section */
		952F67171C39279B00F1E551 /* Frameworks */ = {
			isa = PBXGroup;
			children = (
				952F672E1C3A273500F1E551 /* CoreGraphics.framework */,
				952F672C1C3A272600F1E551 /* StoreKit.framework */,
				952F672A1C3A271D00F1E551 /* UIKit.framework */,
				952F67281C3A260100F1E551 /* Foundation.framework */,
				952F67181C3927BD00F1E551 /* Chartboost.framework */,
			);
			name = Frameworks;
			sourceTree = "<group>";
		};
		95EBD8621B65EE2F0004D448 = {
			isa = PBXGroup;
			children = (
				952F67131C38CD8200F1E551 /* AdsChartboost.h */,
				952F67141C38CD8200F1E551 /* AdsChartboost.mm */,
				952F67171C39279B00F1E551 /* Frameworks */,
				95EBD86C1B65EE2F0004D448 /* Products */,
			);
			sourceTree = "<group>";
		};
		95EBD86C1B65EE2F0004D448 /* Products */ = {
			isa = PBXGroup;
			children = (
				95EBD86B1B65EE2F0004D448 /* libPluginChartboost.a */,
			);
			name = Products;
			sourceTree = "<group>";
		};
/* End PBXGroup section */

/* Begin PBXHeadersBuildPhase section */
		95EBD8691B65EE2F0004D448 /* Headers */ = {
			isa = PBXHeadersBuildPhase;
			buildActionMask = 2147483647;
			files = (
				952F67151C38CD8200F1E551 /* AdsChartboost.h in Headers */,
			);
			runOnlyForDeploymentPostprocessing = 0;
		};
/* End PBXHeadersBuildPhase section */

/* Begin PBXNativeTarget section */
		95EBD86A1B65EE2F0004D448 /* PluginChartboost */ = {
			isa = PBXNativeTarget;
			buildConfigurationList = 95EBD86F1B65EE2F0004D448 /* Build configuration list for PBXNativeTarget "PluginChartboost" */;
			buildPhases = (
				95EBD8671B65EE2F0004D448 /* Sources */,
				95EBD8681B65EE2F0004D448 /* Frameworks */,
				95EBD8691B65EE2F0004D448 /* Headers */,
			);
			buildRules = (
			);
			dependencies = (
			);
			name = PluginChartboost;
			productName = PluginCharboost;
			productReference = 95EBD86B1B65EE2F0004D448 /* libPluginChartboost.a */;
			productType = "com.apple.product-type.library.static";
		};
/* End PBXNativeTarget section */

/* Begin PBXProject section */
		95EBD8631B65EE2F0004D448 /* Project object */ = {
			isa = PBXProject;
			attributes = {
				LastUpgradeCheck = 0640;
				ORGANIZATIONNAME = "Senspark Co., Ltd";
				TargetAttributes = {
					95EBD86A1B65EE2F0004D448 = {
						CreatedOnToolsVersion = 6.4;
					};
				};
			};
			buildConfigurationList = 95EBD8661B65EE2F0004D448 /* Build configuration list for PBXProject "PluginChartboost" */;
			compatibilityVersion = "Xcode 3.2";
			developmentRegion = English;
			hasScannedForEncodings = 0;
			knownRegions = (
				en,
			);
			mainGroup = 95EBD8621B65EE2F0004D448;
			productRefGroup = 95EBD86C1B65EE2F0004D448 /* Products */;
			projectDirPath = "";
			projectRoot = "";
			targets = (
				95EBD86A1B65EE2F0004D448 /* PluginChartboost */,
			);
		};
/* End PBXProject section */

/* Begin PBXSourcesBuildPhase section */
		95EBD8671B65EE2F0004D448 /* Sources */ = {
			isa = PBXSourcesBuildPhase;
			buildActionMask = 2147483647;
			files = (
				952F67161C38CD8200F1E551 /* AdsChartboost.mm in Sources */,
			);
			runOnlyForDeploymentPostprocessing = 0;
		};
/* End PBXSourcesBuildPhase section */

/* Begin XCBuildConfiguration section */
		95EBD86D1B65EE2F0004D448 /* Debug */ = {
			isa = XCBuildConfiguration;
			buildSettings = {
				ALWAYS_SEARCH_USER_PATHS = NO;
				CLANG_CXX_LANGUAGE_STANDARD = "gnu++0x";
				CLANG_CXX_LIBRARY = "libc++";
				CLANG_ENABLE_MODULES = YES;
				CLANG_ENABLE_OBJC_ARC = YES;
				CLANG_WARN_BOOL_CONVERSION = YES;
				CLANG_WARN_CONSTANT_CONVERSION = YES;
				CLANG_WARN_DIRECT_OBJC_ISA_USAGE = YES_ERROR;
				CLANG_WARN_EMPTY_BODY = YES;
				CLANG_WARN_ENUM_CONVERSION = YES;
				CLANG_WARN_INT_CONVERSION = YES;
				CLANG_WARN_OBJC_ROOT_CLASS = YES_ERROR;
				CLANG_WARN_UNREACHABLE_CODE = YES;
				CLANG_WARN__DUPLICATE_METHOD_MATCH = YES;
				COPY_PHASE_STRIP = NO;
				DEBUG_INFORMATION_FORMAT = dwarf;
				ENABLE_STRICT_OBJC_MSGSEND = YES;
				GCC_C_LANGUAGE_STANDARD = gnu99;
				GCC_DYNAMIC_NO_PIC = NO;
				GCC_NO_COMMON_BLOCKS = YES;
				GCC_OPTIMIZATION_LEVEL = 0;
				GCC_PREPROCESSOR_DEFINITIONS = (
					"DEBUG=1",
					"$(inherited)",
				);
				GCC_SYMBOLS_PRIVATE_EXTERN = NO;
				GCC_WARN_64_TO_32_BIT_CONVERSION = YES;
				GCC_WARN_ABOUT_RETURN_TYPE = YES_ERROR;
				GCC_WARN_UNDECLARED_SELECTOR = YES;
				GCC_WARN_UNINITIALIZED_AUTOS = YES_AGGRESSIVE;
				GCC_WARN_UNUSED_FUNCTION = YES;
				GCC_WARN_UNUSED_VARIABLE = YES;
				MACOSX_DEPLOYMENT_TARGET = 10.10;
				MTL_ENABLE_DEBUG_INFO = YES;
				ONLY_ACTIVE_ARCH = YES;
				SDKROOT = iphoneos;
			};
			name = Debug;
		};
		95EBD86E1B65EE2F0004D448 /* Release */ = {
			isa = XCBuildConfiguration;
			buildSettings = {
				ALWAYS_SEARCH_USER_PATHS = NO;
				CLANG_CXX_LANGUAGE_STANDARD = "gnu++0x";
				CLANG_CXX_LIBRARY = "libc++";
				CLANG_ENABLE_MODULES = YES;
				CLANG_ENABLE_OBJC_ARC = YES;
				CLANG_WARN_BOOL_CONVERSION = YES;
				CLANG_WARN_CONSTANT_CONVERSION = YES;
				CLANG_WARN_DIRECT_OBJC_ISA_USAGE = YES_ERROR;
				CLANG_WARN_EMPTY_BODY = YES;
				CLANG_WARN_ENUM_CONVERSION = YES;
				CLANG_WARN_INT_CONVERSION = YES;
				CLANG_WARN_OBJC_ROOT_CLASS = YES_ERROR;
				CLANG_WARN_UNREACHABLE_CODE = YES;
				CLANG_WARN__DUPLICATE_METHOD_MATCH = YES;
				COPY_PHASE_STRIP = NO;
				DEBUG_INFORMATION_FORMAT = "dwarf-with-dsym";
				ENABLE_NS_ASSERTIONS = NO;
				ENABLE_STRICT_OBJC_MSGSEND = YES;
				GCC_C_LANGUAGE_STANDARD = gnu99;
				GCC_NO_COMMON_BLOCKS = YES;
				GCC_WARN_64_TO_32_BIT_CONVERSION = YES;
				GCC_WARN_ABOUT_RETURN_TYPE = YES_ERROR;
				GCC_WARN_UNDECLARED_SELECTOR = YES;
				GCC_WARN_UNINITIALIZED_AUTOS = YES_AGGRESSIVE;
				GCC_WARN_UNUSED_FUNCTION = YES;
				GCC_WARN_UNUSED_VARIABLE = YES;
				MACOSX_DEPLOYMENT_TARGET = 10.10;
				MTL_ENABLE_DEBUG_INFO = NO;
				SDKROOT = iphoneos;
			};
			name = Release;
		};
		95EBD8701B65EE2F0004D448 /* Debug */ = {
			isa = XCBuildConfiguration;
			buildSettings = {
				CLANG_ENABLE_OBJC_ARC = NO;
				EXECUTABLE_PREFIX = lib;
				FRAMEWORK_SEARCH_PATHS = (
					"$(inherited)",
					"$(PROJECT_DIR)",
				);
				HEADER_SEARCH_PATHS = (
					"$(SRCROOT)/../../../protocols/platform/ios",
					"$(SRCROOT)/../../../protocols/include",
				);
				IPHONEOS_DEPLOYMENT_TARGET = 7.0;
				PRODUCT_NAME = PluginChartboost;
				SDKROOT = iphoneos;
				SKIP_INSTALL = YES;
			};
			name = Debug;
		};
		95EBD8711B65EE2F0004D448 /* Release */ = {
			isa = XCBuildConfiguration;
			buildSettings = {
				CLANG_ENABLE_OBJC_ARC = NO;
				EXECUTABLE_PREFIX = lib;
				FRAMEWORK_SEARCH_PATHS = (
					"$(inherited)",
					"$(PROJECT_DIR)",
				);
				HEADER_SEARCH_PATHS = (
					"$(SRCROOT)/../../../protocols/platform/ios",
					"$(SRCROOT)/../../../protocols/include",
				);
				IPHONEOS_DEPLOYMENT_TARGET = 7.0;
				PRODUCT_NAME = PluginChartboost;
				SDKROOT = iphoneos;
				SKIP_INSTALL = YES;
			};
			name = Release;
		};
/* End XCBuildConfiguration section */

/* Begin XCConfigurationList section */
		95EBD8661B65EE2F0004D448 /* Build configuration list for PBXProject "PluginChartboost" */ = {
			isa = XCConfigurationList;
			buildConfigurations = (
				95EBD86D1B65EE2F0004D448 /* Debug */,
				95EBD86E1B65EE2F0004D448 /* Release */,
			);
			defaultConfigurationIsVisible = 0;
			defaultConfigurationName = Release;
		};
		95EBD86F1B65EE2F0004D448 /* Build configuration list for PBXNativeTarget "PluginChartboost" */ = {
			isa = XCConfigurationList;
			buildConfigurations = (
				95EBD8701B65EE2F0004D448 /* Debug */,
				95EBD8711B65EE2F0004D448 /* Release */,
			);
			defaultConfigurationIsVisible = 0;
			defaultConfigurationName = Release;
		};
/* End XCConfigurationList section */
	};
	rootObject = 95EBD8631B65EE2F0004D448 /* Project object */;
}
